// !$*UTF8*$!
{
	archiveVersion = 1;
	classes = {
	};
	objectVersion = 46;
	objects = {

/* Begin PBXBuildFile section */
		605EEC0B1CFAFBE60042D137 /* main.m in Sources */ = {isa = PBXBuildFile; fileRef = 605EEC0A1CFAFBE60042D137 /* main.m */; };
		605EEC101CFAFBE60042D137 /* Assets.xcassets in Resources */ = {isa = PBXBuildFile; fileRef = 605EEC0F1CFAFBE60042D137 /* Assets.xcassets */; };
		605EEC131CFAFBE60042D137 /* LaunchScreen.storyboard in Resources */ = {isa = PBXBuildFile; fileRef = 605EEC111CFAFBE60042D137 /* LaunchScreen.storyboard */; };
		605EEC301CFAFD140042D137 /* AppDelegate.m in Sources */ = {isa = PBXBuildFile; fileRef = 605EEC2F1CFAFD140042D137 /* AppDelegate.m */; };
/* End PBXBuildFile section */

/* Begin PBXFileReference section */
		605EEC061CFAFBE60042D137 /* LCNM.app */ = {isa = PBXFileReference; explicitFileType = wrapper.application; includeInIndex = 0; path = LCNM.app; sourceTree = BUILT_PRODUCTS_DIR; };
		605EEC0A1CFAFBE60042D137 /* main.m */ = {isa = PBXFileReference; lastKnownFileType = sourcecode.c.objc; path = main.m; sourceTree = "<group>"; };
		605EEC0F1CFAFBE60042D137 /* Assets.xcassets */ = {isa = PBXFileReference; lastKnownFileType = folder.assetcatalog; path = Assets.xcassets; sourceTree = "<group>"; };
		605EEC121CFAFBE60042D137 /* Base */ = {isa = PBXFileReference; lastKnownFileType = file.storyboard; name = Base; path = Base.lproj/LaunchScreen.storyboard; sourceTree = "<group>"; };
		605EEC141CFAFBE60042D137 /* Info.plist */ = {isa = PBXFileReference; lastKnownFileType = text.plist.xml; path = Info.plist; sourceTree = "<group>"; };
		605EEC2E1CFAFD140042D137 /* AppDelegate.h */ = {isa = PBXFileReference; fileEncoding = 4; lastKnownFileType = sourcecode.c.h; path = AppDelegate.h; sourceTree = "<group>"; };
		605EEC2F1CFAFD140042D137 /* AppDelegate.m */ = {isa = PBXFileReference; fileEncoding = 4; lastKnownFileType = sourcecode.c.objc; path = AppDelegate.m; sourceTree = "<group>"; };
/* End PBXFileReference section */

/* Begin PBXFrameworksBuildPhase section */
		605EEC031CFAFBE60042D137 /* Frameworks */ = {
			isa = PBXFrameworksBuildPhase;
			buildActionMask = 2147483647;
			files = (
			);
			runOnlyForDeploymentPostprocessing = 0;
		};
/* End PBXFrameworksBuildPhase section */

/* Begin PBXGroup section */
		605EEBFD1CFAFBE60042D137 = {
			isa = PBXGroup;
			children = (
				605EEC081CFAFBE60042D137 /* LCNM */,
				605EEC071CFAFBE60042D137 /* Products */,
			);
			sourceTree = "<group>";
		};
		605EEC071CFAFBE60042D137 /* Products */ = {
			isa = PBXGroup;
			children = (
				605EEC061CFAFBE60042D137 /* LCNM.app */,
			);
			name = Products;
			sourceTree = "<group>";
		};
		605EEC081CFAFBE60042D137 /* LCNM */ = {
			isa = PBXGroup;
			children = (
				605EEC2D1CFAFD140042D137 /* Appdelegate */,
				605EEC231CFAFD040042D137 /* 首页 */,
				605EEC1A1CFAFD040042D137 /* 附近 */,
				605EEC221CFAFD040042D137 /* 录音 */,
				605EEC1E1CFAFD040042D137 /* 精选 */,
				605EEC271CFAFD040042D137 /* 我的 */,
				605EEC2B1CFAFD040042D137 /* Category */,
				605EEC2C1CFAFD040042D137 /* Helper */,
				605EEC0F1CFAFBE60042D137 /* Assets.xcassets */,
				605EEC111CFAFBE60042D137 /* LaunchScreen.storyboard */,
				605EEC141CFAFBE60042D137 /* Info.plist */,
				605EEC091CFAFBE60042D137 /* Supporting Files */,
			);
			path = LCNM;
			sourceTree = "<group>";
		};
		605EEC091CFAFBE60042D137 /* Supporting Files */ = {
			isa = PBXGroup;
			children = (
				605EEC0A1CFAFBE60042D137 /* main.m */,
			);
			name = "Supporting Files";
			sourceTree = "<group>";
		};
		605EEC1A1CFAFD040042D137 /* 附近 */ = {
			isa = PBXGroup;
			children = (
				605EEC1B1CFAFD040042D137 /* Controller */,
				605EEC1C1CFAFD040042D137 /* Model */,
				605EEC1D1CFAFD040042D137 /* View */,
			);
			path = "附近";
			sourceTree = "<group>";
		};
		605EEC1B1CFAFD040042D137 /* Controller */ = {
			isa = PBXGroup;
			children = (
			);
			path = Controller;
			sourceTree = "<group>";
		};
		605EEC1C1CFAFD040042D137 /* Model */ = {
			isa = PBXGroup;
			children = (
			);
			path = Model;
			sourceTree = "<group>";
		};
		605EEC1D1CFAFD040042D137 /* View */ = {
			isa = PBXGroup;
			children = (
			);
			path = View;
			sourceTree = "<group>";
		};
		605EEC1E1CFAFD040042D137 /* 精选 */ = {
			isa = PBXGroup;
			children = (
				605EEC1F1CFAFD040042D137 /* Controller */,
				605EEC201CFAFD040042D137 /* Model */,
				605EEC211CFAFD040042D137 /* View */,
			);
			path = "精选";
			sourceTree = "<group>";
		};
		605EEC1F1CFAFD040042D137 /* Controller */ = {
			isa = PBXGroup;
			children = (
			);
			path = Controller;
			sourceTree = "<group>";
		};
		605EEC201CFAFD040042D137 /* Model */ = {
			isa = PBXGroup;
			children = (
			);
			path = Model;
			sourceTree = "<group>";
		};
		605EEC211CFAFD040042D137 /* View */ = {
			isa = PBXGroup;
			children = (
			);
			path = View;
			sourceTree = "<group>";
		};
		605EEC221CFAFD040042D137 /* 录音 */ = {
			isa = PBXGroup;
			children = (
			);
			path = "录音";
			sourceTree = "<group>";
		};
		605EEC231CFAFD040042D137 /* 首页 */ = {
			isa = PBXGroup;
			children = (
				605EEC241CFAFD040042D137 /* Controller */,
				605EEC251CFAFD040042D137 /* Model */,
				605EEC261CFAFD040042D137 /* View */,
			);
			path = "首页";
			sourceTree = "<group>";
		};
		605EEC241CFAFD040042D137 /* Controller */ = {
			isa = PBXGroup;
			children = (
			);
			path = Controller;
			sourceTree = "<group>";
		};
		605EEC251CFAFD040042D137 /* Model */ = {
			isa = PBXGroup;
			children = (
			);
			path = Model;
			sourceTree = "<group>";
		};
		605EEC261CFAFD040042D137 /* View */ = {
			isa = PBXGroup;
			children = (
			);
			path = View;
			sourceTree = "<group>";
		};
		605EEC271CFAFD040042D137 /* 我的 */ = {
			isa = PBXGroup;
			children = (
				605EEC281CFAFD040042D137 /* Controller */,
				605EEC291CFAFD040042D137 /* Model */,
				605EEC2A1CFAFD040042D137 /* View */,
			);
			path = "我的";
			sourceTree = "<group>";
		};
		605EEC281CFAFD040042D137 /* Controller */ = {
			isa = PBXGroup;
			children = (
			);
			path = Controller;
			sourceTree = "<group>";
		};
		605EEC291CFAFD040042D137 /* Model */ = {
			isa = PBXGroup;
			children = (
			);
			path = Model;
			sourceTree = "<group>";
		};
		605EEC2A1CFAFD040042D137 /* View */ = {
			isa = PBXGroup;
			children = (
			);
			path = View;
			sourceTree = "<group>";
		};
		605EEC2B1CFAFD040042D137 /* Category */ = {
			isa = PBXGroup;
			children = (
			);
			path = Category;
			sourceTree = "<group>";
		};
		605EEC2C1CFAFD040042D137 /* Helper */ = {
			isa = PBXGroup;
			children = (
			);
			path = Helper;
			sourceTree = "<group>";
		};
		605EEC2D1CFAFD140042D137 /* Appdelegate */ = {
			isa = PBXGroup;
			children = (
				605EEC2E1CFAFD140042D137 /* AppDelegate.h */,
				605EEC2F1CFAFD140042D137 /* AppDelegate.m */,
			);
			path = Appdelegate;
			sourceTree = "<group>";
		};
/* End PBXGroup section */

/* Begin PBXNativeTarget section */
		605EEC051CFAFBE60042D137 /* LCNM */ = {
			isa = PBXNativeTarget;
			buildConfigurationList = 605EEC171CFAFBE60042D137 /* Build configuration list for PBXNativeTarget "LCNM" */;
			buildPhases = (
				605EEC021CFAFBE60042D137 /* Sources */,
				605EEC031CFAFBE60042D137 /* Frameworks */,
				605EEC041CFAFBE60042D137 /* Resources */,
			);
			buildRules = (
			);
			dependencies = (
			);
			name = LCNM;
			productName = LCNM;
			productReference = 605EEC061CFAFBE60042D137 /* LCNM.app */;
			productType = "com.apple.product-type.application";
		};
/* End PBXNativeTarget section */

/* Begin PBXProject section */
		605EEBFE1CFAFBE60042D137 /* Project object */ = {
			isa = PBXProject;
			attributes = {
				LastUpgradeCheck = 0730;
				ORGANIZATIONNAME = JLC;
				TargetAttributes = {
					605EEC051CFAFBE60042D137 = {
						CreatedOnToolsVersion = 7.3.1;
					};
				};
			};
			buildConfigurationList = 605EEC011CFAFBE60042D137 /* Build configuration list for PBXProject "LCNM" */;
			compatibilityVersion = "Xcode 3.2";
			developmentRegion = English;
			hasScannedForEncodings = 0;
			knownRegions = (
				en,
				Base,
			);
			mainGroup = 605EEBFD1CFAFBE60042D137;
			productRefGroup = 605EEC071CFAFBE60042D137 /* Products */;
			projectDirPath = "";
			projectRoot = "";
			targets = (
				605EEC051CFAFBE60042D137 /* LCNM */,
			);
		};
/* End PBXProject section */

/* Begin PBXResourcesBuildPhase section */
		605EEC041CFAFBE60042D137 /* Resources */ = {
			isa = PBXResourcesBuildPhase;
			buildActionMask = 2147483647;
			files = (
				605EEC101CFAFBE60042D137 /* Assets.xcassets in Resources */,
				605EEC131CFAFBE60042D137 /* LaunchScreen.storyboard in Resources */,
			);
			runOnlyForDeploymentPostprocessing = 0;
		};
/* End PBXResourcesBuildPhase section */

/* Begin PBXSourcesBuildPhase section */
		605EEC021CFAFBE60042D137 /* Sources */ = {
			isa = PBXSourcesBuildPhase;
			buildActionMask = 2147483647;
			files = (
				605EEC301CFAFD140042D137 /* AppDelegate.m in Sources */,
				605EEC0B1CFAFBE60042D137 /* main.m in Sources */,
			);
			runOnlyForDeploymentPostprocessing = 0;
		};
/* End PBXSourcesBuildPhase section */

/* Begin PBXVariantGroup section */
		605EEC111CFAFBE60042D137 /* LaunchScreen.storyboard */ = {
			isa = PBXVariantGroup;
			children = (
				605EEC121CFAFBE60042D137 /* Base */,
			);
			name = LaunchScreen.storyboard;
			sourceTree = "<group>";
		};
/* End PBXVariantGroup section */

/* Begin XCBuildConfiguration section */
		605EEC151CFAFBE60042D137 /* Debug */ = {
			isa = XCBuildConfiguration;
			buildSettings = {
				ALWAYS_SEARCH_USER_PATHS = NO;
				CLANG_ANALYZER_NONNULL = YES;
				CLANG_CXX_LANGUAGE_STANDARD = "gnu++0x";
				CLANG_CXX_LIBRARY = "libc++";
				CLANG_ENABLE_MODULES = YES;
				CLANG_ENABLE_OBJC_ARC = YES;
				CLANG_WARN_BOOL_CONVERSION = YES;
				CLANG_WARN_CONSTANT_CONVERSION = YES;
				CLANG_WARN_DIRECT_OBJC_ISA_USAGE = YES_ERROR;
				CLANG_WARN_EMPTY_BODY = YES;
				CLANG_WARN_ENUM_CONVERSION = YES;
				CLANG_WARN_INT_CONVERSION = YES;
				CLANG_WARN_OBJC_ROOT_CLASS = YES_ERROR;
				CLANG_WARN_UNREACHABLE_CODE = YES;
				CLANG_WARN__DUPLICATE_METHOD_MATCH = YES;
				"CODE_SIGN_IDENTITY[sdk=iphoneos*]" = "iPhone Developer";
				COPY_PHASE_STRIP = NO;
				DEBUG_INFORMATION_FORMAT = dwarf;
				ENABLE_STRICT_OBJC_MSGSEND = YES;
				ENABLE_TESTABILITY = YES;
				GCC_C_LANGUAGE_STANDARD = gnu99;
				GCC_DYNAMIC_NO_PIC = NO;
				GCC_NO_COMMON_BLOCKS = YES;
				GCC_OPTIMIZATION_LEVEL = 0;
				GCC_PREPROCESSOR_DEFINITIONS = (
					"DEBUG=1",
					"$(inherited)",
				);
				GCC_WARN_64_TO_32_BIT_CONVERSION = YES;
				GCC_WARN_ABOUT_RETURN_TYPE = YES_ERROR;
				GCC_WARN_UNDECLARED_SELECTOR = YES;
				GCC_WARN_UNINITIALIZED_AUTOS = YES_AGGRESSIVE;
				GCC_WARN_UNUSED_FUNCTION = YES;
				GCC_WARN_UNUSED_VARIABLE = YES;
				IPHONEOS_DEPLOYMENT_TARGET = 9.3;
				MTL_ENABLE_DEBUG_INFO = YES;
				ONLY_ACTIVE_ARCH = YES;
				SDKROOT = iphoneos;
				TARGETED_DEVICE_FAMILY = "1,2";
			};
			name = Debug;
		};
		605EEC161CFAFBE60042D137 /* Release */ = {
			isa = XCBuildConfiguration;
			buildSettings = {
				ALWAYS_SEARCH_USER_PATHS = NO;
				CLANG_ANALYZER_NONNULL = YES;
				CLANG_CXX_LANGUAGE_STANDARD = "gnu++0x";
				CLANG_CXX_LIBRARY = "libc++";
				CLANG_ENABLE_MODULES = YES;
				CLANG_ENABLE_OBJC_ARC = YES;
				CLANG_WARN_BOOL_CONVERSION = YES;
				CLANG_WARN_CONSTANT_CONVERSION = YES;
				CLANG_WARN_DIRECT_OBJC_ISA_USAGE = YES_ERROR;
				CLANG_WARN_EMPTY_BODY = YES;
				CLANG_WARN_ENUM_CONVERSION = YES;
				CLANG_WARN_INT_CONVERSION = YES;
				CLANG_WARN_OBJC_ROOT_CLASS = YES_ERROR;
				CLANG_WARN_UNREACHABLE_CODE = YES;
				CLANG_WARN__DUPLICATE_METHOD_MATCH = YES;
				"CODE_SIGN_IDENTITY[sdk=iphoneos*]" = "iPhone Developer";
				COPY_PHASE_STRIP = NO;
				DEBUG_INFORMATION_FORMAT = "dwarf-with-dsym";
				ENABLE_NS_ASSERTIONS = NO;
				ENABLE_STRICT_OBJC_MSGSEND = YES;
				GCC_C_LANGUAGE_STANDARD = gnu99;
				GCC_NO_COMMON_BLOCKS = YES;
				GCC_WARN_64_TO_32_BIT_CONVERSION = YES;
				GCC_WARN_ABOUT_RETURN_TYPE = YES_ERROR;
				GCC_WARN_UNDECLARED_SELECTOR = YES;
				GCC_WARN_UNINITIALIZED_AUTOS = YES_AGGRESSIVE;
				GCC_WARN_UNUSED_FUNCTION = YES;
				GCC_WARN_UNUSED_VARIABLE = YES;
				IPHONEOS_DEPLOYMENT_TARGET = 9.3;
				MTL_ENABLE_DEBUG_INFO = NO;
				SDKROOT = iphoneos;
				TARGETED_DEVICE_FAMILY = "1,2";
				VALIDATE_PRODUCT = YES;
			};
			name = Release;
		};
		605EEC181CFAFBE60042D137 /* Debug */ = {
			isa = XCBuildConfiguration;
			buildSettings = {
				ASSETCATALOG_COMPILER_APPICON_NAME = AppIcon;
				INFOPLIST_FILE = LCNM/Info.plist;
				LD_RUNPATH_SEARCH_PATHS = "$(inherited) @executable_path/Frameworks";
				PRODUCT_BUNDLE_IDENTIFIER = com.jlc.LCNM;
				PRODUCT_NAME = "$(TARGET_NAME)";
			};
			name = Debug;
		};
		605EEC191CFAFBE60042D137 /* Release */ = {
			isa = XCBuildConfiguration;
			buildSettings = {
				ASSETCATALOG_COMPILER_APPICON_NAME = AppIcon;
				INFOPLIST_FILE = LCNM/Info.plist;
				LD_RUNPATH_SEARCH_PATHS = "$(inherited) @executable_path/Frameworks";
				PRODUCT_BUNDLE_IDENTIFIER = com.jlc.LCNM;
				PRODUCT_NAME = "$(TARGET_NAME)";
			};
			name = Release;
		};
/* End XCBuildConfiguration section */

/* Begin XCConfigurationList section */
		605EEC011CFAFBE60042D137 /* Build configuration list for PBXProject "LCNM" */ = {
			isa = XCConfigurationList;
			buildConfigurations = (
				605EEC151CFAFBE60042D137 /* Debug */,
				605EEC161CFAFBE60042D137 /* Release */,
			);
			defaultConfigurationIsVisible = 0;
			defaultConfigurationName = Release;
		};
		605EEC171CFAFBE60042D137 /* Build configuration list for PBXNativeTarget "LCNM" */ = {
			isa = XCConfigurationList;
			buildConfigurations = (
				605EEC181CFAFBE60042D137 /* Debug */,
				605EEC191CFAFBE60042D137 /* Release */,
			);
			defaultConfigurationIsVisible = 0;
		};
/* End XCConfigurationList section */
	};
	rootObject = 605EEBFE1CFAFBE60042D137 /* Project object */;
}
